Microsoft Visual Studio Solution File, Format Version 12.00
# Visual Studio 2013
Project("{8BC9CEB8-8B4A-11D0-8D11-00A0C91BC942}") = "ALL_BUILD", "ALL_BUILD.vcxproj", "{F2759041-677C-40F8-BF31-B295675CB42A}"
	ProjectSection(ProjectDependencies) = postProject
		{3C0BBB94-9904-4B32-81E8-054B9E750D90} = {3C0BBB94-9904-4B32-81E8-054B9E750D90}
		{E98CACAA-7B85-443A-AD85-DD7D0AA1A110} = {E98CACAA-7B85-443A-AD85-DD7D0AA1A110}
		{FCC0219C-1CCA-487C-A9B9-54FD9A150238} = {FCC0219C-1CCA-487C-A9B9-54FD9A150238}
		{46C7729F-CB03-48D4-A08B-60BBD62436B6} = {46C7729F-CB03-48D4-A08B-60BBD62436B6}
		{6AC32DCD-5F78-45E6-8C23-8C718A02619C} = {6AC32DCD-5F78-45E6-8C23-8C718A02619C}
		{E0D1F1F9-D8C7-45E6-9EED-8A49C93FEE93} = {E0D1F1F9-D8C7-45E6-9EED-8A49C93FEE93}
		{A1FF532E-599B-481D-8A60-4632FF846CDC} = {A1FF532E-599B-481D-8A60-4632FF846CDC}
		{59BF263D-751F-4A13-8944-976B8350BBDC} = {59BF263D-751F-4A13-8944-976B8350BBDC}
		{A2C0B7F7-3E92-43DD-BF3D-13041148D0BA} = {A2C0B7F7-3E92-43DD-BF3D-13041148D0BA}
		{16CFA3A2-3837-4809-829C-5AC93717B952} = {16CFA3A2-3837-4809-829C-5AC93717B952}
		{F5EAB116-7578-4523-9858-809F2E574AD8} = {F5EAB116-7578-4523-9858-809F2E574AD8}
		{259B07FB-50AF-4244-AE67-2EBAB791F8ED} = {259B07FB-50AF-4244-AE67-2EBAB791F8ED}
		{0C3FAB07-70B3-4425-9D70-EE0B2A7311D2} = {0C3FAB07-70B3-4425-9D70-EE0B2A7311D2}
	EndProjectSection
EndProject
Project("{8BC9CEB8-8B4A-11D0-8D11-00A0C91BC942}") = "INSTALL", "INSTALL.vcxproj", "{39C21F1E-8485-46BE-9FAC-1750A436FB3A}"
	ProjectSection(ProjectDependencies) = postProject
		{F2759041-677C-40F8-BF31-B295675CB42A} = {F2759041-677C-40F8-BF31-B295675CB42A}
	EndProjectSection
EndProject
Project("{8BC9CEB8-8B4A-11D0-8D11-00A0C91BC942}") = "PACKAGE", "PACKAGE.vcxproj", "{7C3AA66C-AC89-41A8-A571-F1026674E4A4}"
	ProjectSection(ProjectDependencies) = postProject
		{F2759041-677C-40F8-BF31-B295675CB42A} = {F2759041-677C-40F8-BF31-B295675CB42A}
	EndProjectSection
EndProject
Project("{8BC9CEB8-8B4A-11D0-8D11-00A0C91BC942}") = "ZERO_CHECK", "ZERO_CHECK.vcxproj", "{3C0BBB94-9904-4B32-81E8-054B9E750D90}"
	ProjectSection(ProjectDependencies) = postProject
	EndProjectSection
EndProject
Project("{8BC9CEB8-8B4A-11D0-8D11-00A0C91BC942}") = "baud_test", "examples\baud_test.vcxproj", "{E98CACAA-7B85-443A-AD85-DD7D0AA1A110}"
	ProjectSection(ProjectDependencies) = postProject
		{3C0BBB94-9904-4B32-81E8-054B9E750D90} = {3C0BBB94-9904-4B32-81E8-054B9E750D90}
		{A2C0B7F7-3E92-43DD-BF3D-13041148D0BA} = {A2C0B7F7-3E92-43DD-BF3D-13041148D0BA}
	EndProjectSection
EndProject
Project("{8BC9CEB8-8B4A-11D0-8D11-00A0C91BC942}") = "bitbang", "examples\bitbang.vcxproj", "{FCC0219C-1CCA-487C-A9B9-54FD9A150238}"
	ProjectSection(ProjectDependencies) = postProject
		{3C0BBB94-9904-4B32-81E8-054B9E750D90} = {3C0BBB94-9904-4B32-81E8-054B9E750D90}
		{A2C0B7F7-3E92-43DD-BF3D-13041148D0BA} = {A2C0B7F7-3E92-43DD-BF3D-13041148D0BA}
	EndProjectSection
EndProject
Project("{8BC9CEB8-8B4A-11D0-8D11-00A0C91BC942}") = "bitbang2", "examples\bitbang2.vcxproj", "{46C7729F-CB03-48D4-A08B-60BBD62436B6}"
	ProjectSection(ProjectDependencies) = postProject
		{3C0BBB94-9904-4B32-81E8-054B9E750D90} = {3C0BBB94-9904-4B32-81E8-054B9E750D90}
		{A2C0B7F7-3E92-43DD-BF3D-13041148D0BA} = {A2C0B7F7-3E92-43DD-BF3D-13041148D0BA}
	EndProjectSection
EndProject
Project("{8BC9CEB8-8B4A-11D0-8D11-00A0C91BC942}") = "bitbang_cbus", "examples\bitbang_cbus.vcxproj", "{6AC32DCD-5F78-45E6-8C23-8C718A02619C}"
	ProjectSection(ProjectDependencies) = postProject
		{3C0BBB94-9904-4B32-81E8-054B9E750D90} = {3C0BBB94-9904-4B32-81E8-054B9E750D90}
		{A2C0B7F7-3E92-43DD-BF3D-13041148D0BA} = {A2C0B7F7-3E92-43DD-BF3D-13041148D0BA}
	EndProjectSection
EndProject
Project("{8BC9CEB8-8B4A-11D0-8D11-00A0C91BC942}") = "bitbang_ft2232", "examples\bitbang_ft2232.vcxproj", "{E0D1F1F9-D8C7-45E6-9EED-8A49C93FEE93}"
	ProjectSection(ProjectDependencies) = postProject
		{3C0BBB94-9904-4B32-81E8-054B9E750D90} = {3C0BBB94-9904-4B32-81E8-054B9E750D90}
		{A2C0B7F7-3E92-43DD-BF3D-13041148D0BA} = {A2C0B7F7-3E92-43DD-BF3D-13041148D0BA}
	EndProjectSection
EndProject
Project("{8BC9CEB8-8B4A-11D0-8D11-00A0C91BC942}") = "dist", "dist.vcxproj", "{309FE926-DF77-43A0-807F-3B8B66DCEC60}"
	ProjectSection(ProjectDependencies) = postProject
		{3C0BBB94-9904-4B32-81E8-054B9E750D90} = {3C0BBB94-9904-4B32-81E8-054B9E750D90}
	EndProjectSection
EndProject
Project("{8BC9CEB8-8B4A-11D0-8D11-00A0C91BC942}") = "eeprom", "examples\eeprom.vcxproj", "{A1FF532E-599B-481D-8A60-4632FF846CDC}"
	ProjectSection(ProjectDependencies) = postProject
		{3C0BBB94-9904-4B32-81E8-054B9E750D90} = {3C0BBB94-9904-4B32-81E8-054B9E750D90}
		{A2C0B7F7-3E92-43DD-BF3D-13041148D0BA} = {A2C0B7F7-3E92-43DD-BF3D-13041148D0BA}
	EndProjectSection
EndProject
Project("{8BC9CEB8-8B4A-11D0-8D11-00A0C91BC942}") = "find_all", "examples\find_all.vcxproj", "{59BF263D-751F-4A13-8944-976B8350BBDC}"
	ProjectSection(ProjectDependencies) = postProject
		{3C0BBB94-9904-4B32-81E8-054B9E750D90} = {3C0BBB94-9904-4B32-81E8-054B9E750D90}
		{A2C0B7F7-3E92-43DD-BF3D-13041148D0BA} = {A2C0B7F7-3E92-43DD-BF3D-13041148D0BA}
	EndProjectSection
EndProject
Project("{8BC9CEB8-8B4A-11D0-8D11-00A0C91BC942}") = "ftdi1", "src\ftdi1.vcxproj", "{A2C0B7F7-3E92-43DD-BF3D-13041148D0BA}"
	ProjectSection(ProjectDependencies) = postProject
		{3C0BBB94-9904-4B32-81E8-054B9E750D90} = {3C0BBB94-9904-4B32-81E8-054B9E750D90}
	EndProjectSection
EndProject
Project("{8BC9CEB8-8B4A-11D0-8D11-00A0C91BC942}") = "ftdi1-static", "src\ftdi1-static.vcxproj", "{16CFA3A2-3837-4809-829C-5AC93717B952}"
	ProjectSection(ProjectDependencies) = postProject
		{3C0BBB94-9904-4B32-81E8-054B9E750D90} = {3C0BBB94-9904-4B32-81E8-054B9E750D90}
	EndProjectSection
EndProject
Project("{8BC9CEB8-8B4A-11D0-8D11-00A0C91BC942}") = "serial_test", "examples\serial_test.vcxproj", "{F5EAB116-7578-4523-9858-809F2E574AD8}"
	ProjectSection(ProjectDependencies) = postProject
		{3C0BBB94-9904-4B32-81E8-054B9E750D90} = {3C0BBB94-9904-4B32-81E8-054B9E750D90}
		{A2C0B7F7-3E92-43DD-BF3D-13041148D0BA} = {A2C0B7F7-3E92-43DD-BF3D-13041148D0BA}
	EndProjectSection
EndProject
Project("{8BC9CEB8-8B4A-11D0-8D11-00A0C91BC942}") = "simple", "examples\simple.vcxproj", "{259B07FB-50AF-4244-AE67-2EBAB791F8ED}"
	ProjectSection(ProjectDependencies) = postProject
		{3C0BBB94-9904-4B32-81E8-054B9E750D90} = {3C0BBB94-9904-4B32-81E8-054B9E750D90}
		{A2C0B7F7-3E92-43DD-BF3D-13041148D0BA} = {A2C0B7F7-3E92-43DD-BF3D-13041148D0BA}
	EndProjectSection
EndProject
Project("{8BC9CEB8-8B4A-11D0-8D11-00A0C91BC942}") = "stream_test", "examples\stream_test.vcxproj", "{0C3FAB07-70B3-4425-9D70-EE0B2A7311D2}"
	ProjectSection(ProjectDependencies) = postProject
		{3C0BBB94-9904-4B32-81E8-054B9E750D90} = {3C0BBB94-9904-4B32-81E8-054B9E750D90}
		{A2C0B7F7-3E92-43DD-BF3D-13041148D0BA} = {A2C0B7F7-3E92-43DD-BF3D-13041148D0BA}
	EndProjectSection
EndProject
Global
	GlobalSection(SolutionConfigurationPlatforms) = preSolution
		Debug|Win32 = Debug|Win32
		Release|Win32 = Release|Win32
		MinSizeRel|Win32 = MinSizeRel|Win32
		RelWithDebInfo|Win32 = RelWithDebInfo|Win32
	EndGlobalSection
	GlobalSection(ProjectConfigurationPlatforms) = postSolution
		{F2759041-677C-40F8-BF31-B295675CB42A}.Debug|Win32.ActiveCfg = Debug|Win32
		{F2759041-677C-40F8-BF31-B295675CB42A}.Debug|Win32.Build.0 = Debug|Win32
		{F2759041-677C-40F8-BF31-B295675CB42A}.Release|Win32.ActiveCfg = Release|Win32
		{F2759041-677C-40F8-BF31-B295675CB42A}.Release|Win32.Build.0 = Release|Win32
		{F2759041-677C-40F8-BF31-B295675CB42A}.MinSizeRel|Win32.ActiveCfg = MinSizeRel|Win32
		{F2759041-677C-40F8-BF31-B295675CB42A}.MinSizeRel|Win32.Build.0 = MinSizeRel|Win32
		{F2759041-677C-40F8-BF31-B295675CB42A}.RelWithDebInfo|Win32.ActiveCfg = RelWithDebInfo|Win32
		{F2759041-677C-40F8-BF31-B295675CB42A}.RelWithDebInfo|Win32.Build.0 = RelWithDebInfo|Win32
		{39C21F1E-8485-46BE-9FAC-1750A436FB3A}.Debug|Win32.ActiveCfg = Debug|Win32
		{39C21F1E-8485-46BE-9FAC-1750A436FB3A}.Release|Win32.ActiveCfg = Release|Win32
		{39C21F1E-8485-46BE-9FAC-1750A436FB3A}.MinSizeRel|Win32.ActiveCfg = MinSizeRel|Win32
		{39C21F1E-8485-46BE-9FAC-1750A436FB3A}.RelWithDebInfo|Win32.ActiveCfg = RelWithDebInfo|Win32
		{7C3AA66C-AC89-41A8-A571-F1026674E4A4}.Debug|Win32.ActiveCfg = Debug|Win32
		{7C3AA66C-AC89-41A8-A571-F1026674E4A4}.Release|Win32.ActiveCfg = Release|Win32
		{7C3AA66C-AC89-41A8-A571-F1026674E4A4}.MinSizeRel|Win32.ActiveCfg = MinSizeRel|Win32
		{7C3AA66C-AC89-41A8-A571-F1026674E4A4}.RelWithDebInfo|Win32.ActiveCfg = RelWithDebInfo|Win32
		{3C0BBB94-9904-4B32-81E8-054B9E750D90}.Debug|Win32.ActiveCfg = Debug|Win32
		{3C0BBB94-9904-4B32-81E8-054B9E750D90}.Debug|Win32.Build.0 = Debug|Win32
		{3C0BBB94-9904-4B32-81E8-054B9E750D90}.Release|Win32.ActiveCfg = Release|Win32
		{3C0BBB94-9904-4B32-81E8-054B9E750D90}.Release|Win32.Build.0 = Release|Win32
		{3C0BBB94-9904-4B32-81E8-054B9E750D90}.MinSizeRel|Win32.ActiveCfg = MinSizeRel|Win32
		{3C0BBB94-9904-4B32-81E8-054B9E750D90}.MinSizeRel|Win32.Build.0 = MinSizeRel|Win32
		{3C0BBB94-9904-4B32-81E8-054B9E750D90}.RelWithDebInfo|Win32.ActiveCfg = RelWithDebInfo|Win32
		{3C0BBB94-9904-4B32-81E8-054B9E750D90}.RelWithDebInfo|Win32.Build.0 = RelWithDebInfo|Win32
		{E98CACAA-7B85-443A-AD85-DD7D0AA1A110}.Debug|Win32.ActiveCfg = Debug|Win32
		{E98CACAA-7B85-443A-AD85-DD7D0AA1A110}.Debug|Win32.Build.0 = Debug|Win32
		{E98CACAA-7B85-443A-AD85-DD7D0AA1A110}.Release|Win32.ActiveCfg = Release|Win32
		{E98CACAA-7B85-443A-AD85-DD7D0AA1A110}.Release|Win32.Build.0 = Release|Win32
		{E98CACAA-7B85-443A-AD85-DD7D0AA1A110}.MinSizeRel|Win32.ActiveCfg = MinSizeRel|Win32
		{E98CACAA-7B85-443A-AD85-DD7D0AA1A110}.MinSizeRel|Win32.Build.0 = MinSizeRel|Win32
		{E98CACAA-7B85-443A-AD85-DD7D0AA1A110}.RelWithDebInfo|Win32.ActiveCfg = RelWithDebInfo|Win32
		{E98CACAA-7B85-443A-AD85-DD7D0AA1A110}.RelWithDebInfo|Win32.Build.0 = RelWithDebInfo|Win32
		{FCC0219C-1CCA-487C-A9B9-54FD9A150238}.Debug|Win32.ActiveCfg = Debug|Win32
		{FCC0219C-1CCA-487C-A9B9-54FD9A150238}.Debug|Win32.Build.0 = Debug|Win32
		{FCC0219C-1CCA-487C-A9B9-54FD9A150238}.Release|Win32.ActiveCfg = Release|Win32
		{FCC0219C-1CCA-487C-A9B9-54FD9A150238}.Release|Win32.Build.0 = Release|Win32
		{FCC0219C-1CCA-487C-A9B9-54FD9A150238}.MinSizeRel|Win32.ActiveCfg = MinSizeRel|Win32
		{FCC0219C-1CCA-487C-A9B9-54FD9A150238}.MinSizeRel|Win32.Build.0 = MinSizeRel|Win32
		{FCC0219C-1CCA-487C-A9B9-54FD9A150238}.RelWithDebInfo|Win32.ActiveCfg = RelWithDebInfo|Win32
		{FCC0219C-1CCA-487C-A9B9-54FD9A150238}.RelWithDebInfo|Win32.Build.0 = RelWithDebInfo|Win32
		{46C7729F-CB03-48D4-A08B-60BBD62436B6}.Debug|Win32.ActiveCfg = Debug|Win32
		{46C7729F-CB03-48D4-A08B-60BBD62436B6}.Debug|Win32.Build.0 = Debug|Win32
		{46C7729F-CB03-48D4-A08B-60BBD62436B6}.Release|Win32.ActiveCfg = Release|Win32
		{46C7729F-CB03-48D4-A08B-60BBD62436B6}.Release|Win32.Build.0 = Release|Win32
		{46C7729F-CB03-48D4-A08B-60BBD62436B6}.MinSizeRel|Win32.ActiveCfg = MinSizeRel|Win32
		{46C7729F-CB03-48D4-A08B-60BBD62436B6}.MinSizeRel|Win32.Build.0 = MinSizeRel|Win32
		{46C7729F-CB03-48D4-A08B-60BBD62436B6}.RelWithDebInfo|Win32.ActiveCfg = RelWithDebInfo|Win32
		{46C7729F-CB03-48D4-A08B-60BBD62436B6}.RelWithDebInfo|Win32.Build.0 = RelWithDebInfo|Win32
		{6AC32DCD-5F78-45E6-8C23-8C718A02619C}.Debug|Win32.ActiveCfg = Debug|Win32
		{6AC32DCD-5F78-45E6-8C23-8C718A02619C}.Debug|Win32.Build.0 = Debug|Win32
		{6AC32DCD-5F78-45E6-8C23-8C718A02619C}.Release|Win32.ActiveCfg = Release|Win32
		{6AC32DCD-5F78-45E6-8C23-8C718A02619C}.Release|Win32.Build.0 = Release|Win32
		{6AC32DCD-5F78-45E6-8C23-8C718A02619C}.MinSizeRel|Win32.ActiveCfg = MinSizeRel|Win32
		{6AC32DCD-5F78-45E6-8C23-8C718A02619C}.MinSizeRel|Win32.Build.0 = MinSizeRel|Win32
		{6AC32DCD-5F78-45E6-8C23-8C718A02619C}.RelWithDebInfo|Win32.ActiveCfg = RelWithDebInfo|Win32
		{6AC32DCD-5F78-45E6-8C23-8C718A02619C}.RelWithDebInfo|Win32.Build.0 = RelWithDebInfo|Win32
		{E0D1F1F9-D8C7-45E6-9EED-8A49C93FEE93}.Debug|Win32.ActiveCfg = Debug|Win32
		{E0D1F1F9-D8C7-45E6-9EED-8A49C93FEE93}.Debug|Win32.Build.0 = Debug|Win32
		{E0D1F1F9-D8C7-45E6-9EED-8A49C93FEE93}.Release|Win32.ActiveCfg = Release|Win32
		{E0D1F1F9-D8C7-45E6-9EED-8A49C93FEE93}.Release|Win32.Build.0 = Release|Win32
		{E0D1F1F9-D8C7-45E6-9EED-8A49C93FEE93}.MinSizeRel|Win32.ActiveCfg = MinSizeRel|Win32
		{E0D1F1F9-D8C7-45E6-9EED-8A49C93FEE93}.MinSizeRel|Win32.Build.0 = MinSizeRel|Win32
		{E0D1F1F9-D8C7-45E6-9EED-8A49C93FEE93}.RelWithDebInfo|Win32.ActiveCfg = RelWithDebInfo|Win32
		{E0D1F1F9-D8C7-45E6-9EED-8A49C93FEE93}.RelWithDebInfo|Win32.Build.0 = RelWithDebInfo|Win32
		{309FE926-DF77-43A0-807F-3B8B66DCEC60}.Debug|Win32.ActiveCfg = Debug|Win32
		{309FE926-DF77-43A0-807F-3B8B66DCEC60}.Release|Win32.ActiveCfg = Release|Win32
		{309FE926-DF77-43A0-807F-3B8B66DCEC60}.MinSizeRel|Win32.ActiveCfg = MinSizeRel|Win32
		{309FE926-DF77-43A0-807F-3B8B66DCEC60}.RelWithDebInfo|Win32.ActiveCfg = RelWithDebInfo|Win32
		{A1FF532E-599B-481D-8A60-4632FF846CDC}.Debug|Win32.ActiveCfg = Debug|Win32
		{A1FF532E-599B-481D-8A60-4632FF846CDC}.Debug|Win32.Build.0 = Debug|Win32
		{A1FF532E-599B-481D-8A60-4632FF846CDC}.Release|Win32.ActiveCfg = Release|Win32
		{A1FF532E-599B-481D-8A60-4632FF846CDC}.Release|Win32.Build.0 = Release|Win32
		{A1FF532E-599B-481D-8A60-4632FF846CDC}.MinSizeRel|Win32.ActiveCfg = MinSizeRel|Win32
		{A1FF532E-599B-481D-8A60-4632FF846CDC}.MinSizeRel|Win32.Build.0 = MinSizeRel|Win32
		{A1FF532E-599B-481D-8A60-4632FF846CDC}.RelWithDebInfo|Win32.ActiveCfg = RelWithDebInfo|Win32
		{A1FF532E-599B-481D-8A60-4632FF846CDC}.RelWithDebInfo|Win32.Build.0 = RelWithDebInfo|Win32
		{59BF263D-751F-4A13-8944-976B8350BBDC}.Debug|Win32.ActiveCfg = Debug|Win32
		{59BF263D-751F-4A13-8944-976B8350BBDC}.Debug|Win32.Build.0 = Debug|Win32
		{59BF263D-751F-4A13-8944-976B8350BBDC}.Release|Win32.ActiveCfg = Release|Win32
		{59BF263D-751F-4A13-8944-976B8350BBDC}.Release|Win32.Build.0 = Release|Win32
		{59BF263D-751F-4A13-8944-976B8350BBDC}.MinSizeRel|Win32.ActiveCfg = MinSizeRel|Win32
		{59BF263D-751F-4A13-8944-976B8350BBDC}.MinSizeRel|Win32.Build.0 = MinSizeRel|Win32
		{59BF263D-751F-4A13-8944-976B8350BBDC}.RelWithDebInfo|Win32.ActiveCfg = RelWithDebInfo|Win32
		{59BF263D-751F-4A13-8944-976B8350BBDC}.RelWithDebInfo|Win32.Build.0 = RelWithDebInfo|Win32
		{A2C0B7F7-3E92-43DD-BF3D-13041148D0BA}.Debug|Win32.ActiveCfg = Debug|Win32
		{A2C0B7F7-3E92-43DD-BF3D-13041148D0BA}.Debug|Win32.Build.0 = Debug|Win32
		{A2C0B7F7-3E92-43DD-BF3D-13041148D0BA}.Release|Win32.ActiveCfg = Release|Win32
		{A2C0B7F7-3E92-43DD-BF3D-13041148D0BA}.Release|Win32.Build.0 = Release|Win32
		{A2C0B7F7-3E92-43DD-BF3D-13041148D0BA}.MinSizeRel|Win32.ActiveCfg = MinSizeRel|Win32
		{A2C0B7F7-3E92-43DD-BF3D-13041148D0BA}.MinSizeRel|Win32.Build.0 = MinSizeRel|Win32
		{A2C0B7F7-3E92-43DD-BF3D-13041148D0BA}.RelWithDebInfo|Win32.ActiveCfg = RelWithDebInfo|Win32
		{A2C0B7F7-3E92-43DD-BF3D-13041148D0BA}.RelWithDebInfo|Win32.Build.0 = RelWithDebInfo|Win32
		{16CFA3A2-3837-4809-829C-5AC93717B952}.Debug|Win32.ActiveCfg = Debug|Win32
		{16CFA3A2-3837-4809-829C-5AC93717B952}.Debug|Win32.Build.0 = Debug|Win32
		{16CFA3A2-3837-4809-829C-5AC93717B952}.Release|Win32.ActiveCfg = Release|Win32
		{16CFA3A2-3837-4809-829C-5AC93717B952}.Release|Win32.Build.0 = Release|Win32
		{16CFA3A2-3837-4809-829C-5AC93717B952}.MinSizeRel|Win32.ActiveCfg = MinSizeRel|Win32
		{16CFA3A2-3837-4809-829C-5AC93717B952}.MinSizeRel|Win32.Build.0 = MinSizeRel|Win32
		{16CFA3A2-3837-4809-829C-5AC93717B952}.RelWithDebInfo|Win32.ActiveCfg = RelWithDebInfo|Win32
		{16CFA3A2-3837-4809-829C-5AC93717B952}.RelWithDebInfo|Win32.Build.0 = RelWithDebInfo|Win32
		{F5EAB116-7578-4523-9858-809F2E574AD8}.Debug|Win32.ActiveCfg = Debug|Win32
		{F5EAB116-7578-4523-9858-809F2E574AD8}.Debug|Win32.Build.0 = Debug|Win32
		{F5EAB116-7578-4523-9858-809F2E574AD8}.Release|Win32.ActiveCfg = Release|Win32
		{F5EAB116-7578-4523-9858-809F2E574AD8}.Release|Win32.Build.0 = Release|Win32
		{F5EAB116-7578-4523-9858-809F2E574AD8}.MinSizeRel|Win32.ActiveCfg = MinSizeRel|Win32
		{F5EAB116-7578-4523-9858-809F2E574AD8}.MinSizeRel|Win32.Build.0 = MinSizeRel|Win32
		{F5EAB116-7578-4523-9858-809F2E574AD8}.RelWithDebInfo|Win32.ActiveCfg = RelWithDebInfo|Win32
		{F5EAB116-7578-4523-9858-809F2E574AD8}.RelWithDebInfo|Win32.Build.0 = RelWithDebInfo|Win32
		{259B07FB-50AF-4244-AE67-2EBAB791F8ED}.Debug|Win32.ActiveCfg = Debug|Win32
		{259B07FB-50AF-4244-AE67-2EBAB791F8ED}.Debug|Win32.Build.0 = Debug|Win32
		{259B07FB-50AF-4244-AE67-2EBAB791F8ED}.Release|Win32.ActiveCfg = Release|Win32
		{259B07FB-50AF-4244-AE67-2EBAB791F8ED}.Release|Win32.Build.0 = Release|Win32
		{259B07FB-50AF-4244-AE67-2EBAB791F8ED}.MinSizeRel|Win32.ActiveCfg = MinSizeRel|Win32
		{259B07FB-50AF-4244-AE67-2EBAB791F8ED}.MinSizeRel|Win32.Build.0 = MinSizeRel|Win32
		{259B07FB-50AF-4244-AE67-2EBAB791F8ED}.RelWithDebInfo|Win32.ActiveCfg = RelWithDebInfo|Win32
		{259B07FB-50AF-4244-AE67-2EBAB791F8ED}.RelWithDebInfo|Win32.Build.0 = RelWithDebInfo|Win32
		{0C3FAB07-70B3-4425-9D70-EE0B2A7311D2}.Debug|Win32.ActiveCfg = Debug|Win32
		{0C3FAB07-70B3-4425-9D70-EE0B2A7311D2}.Debug|Win32.Build.0 = Debug|Win32
		{0C3FAB07-70B3-4425-9D70-EE0B2A7311D2}.Release|Win32.ActiveCfg = Release|Win32
		{0C3FAB07-70B3-4425-9D70-EE0B2A7311D2}.Release|Win32.Build.0 = Release|Win32
		{0C3FAB07-70B3-4425-9D70-EE0B2A7311D2}.MinSizeRel|Win32.ActiveCfg = MinSizeRel|Win32
		{0C3FAB07-70B3-4425-9D70-EE0B2A7311D2}.MinSizeRel|Win32.Build.0 = MinSizeRel|Win32
		{0C3FAB07-70B3-4425-9D70-EE0B2A7311D2}.RelWithDebInfo|Win32.ActiveCfg = RelWithDebInfo|Win32
		{0C3FAB07-70B3-4425-9D70-EE0B2A7311D2}.RelWithDebInfo|Win32.Build.0 = RelWithDebInfo|Win32
	EndGlobalSection
	GlobalSection(ExtensibilityGlobals) = postSolution
	EndGlobalSection
	GlobalSection(ExtensibilityAddIns) = postSolution
	EndGlobalSection
EndGlobal
